// !$*UTF8*$!
{
	archiveVersion = 1;
	classes = {
	};
	objectVersion = 46;
	objects = {

/* Begin PBXBuildFile section */
		AE212A271AB1A8AE0070A103 /* EnumJsonFramework.h in Headers */ = {isa = PBXBuildFile; fileRef = AE212A261AB1A8AE0070A103 /* EnumJsonFramework.h */; settings = {ATTRIBUTES = (Public, ); }; };
		AE212A3E1AB1A8CC0070A103 /* EnumJson.swift in Sources */ = {isa = PBXBuildFile; fileRef = AE212A3D1AB1A8CC0070A103 /* EnumJson.swift */; };
/* End PBXBuildFile section */

/* Begin PBXFileReference section */
		AE212A211AB1A8AE0070A103 /* EnumJsonFramework.framework */ = {isa = PBXFileReference; explicitFileType = wrapper.framework; includeInIndex = 0; path = EnumJsonFramework.framework; sourceTree = BUILT_PRODUCTS_DIR; };
		AE212A251AB1A8AE0070A103 /* Info.plist */ = {isa = PBXFileReference; lastKnownFileType = text.plist.xml; path = Info.plist; sourceTree = "<group>"; };
		AE212A261AB1A8AE0070A103 /* EnumJsonFramework.h */ = {isa = PBXFileReference; lastKnownFileType = sourcecode.c.h; path = EnumJsonFramework.h; sourceTree = "<group>"; };
		AE212A3D1AB1A8CC0070A103 /* EnumJson.swift */ = {isa = PBXFileReference; fileEncoding = 4; lastKnownFileType = sourcecode.swift; lineEnding = 0; name = EnumJson.swift; path = ../../src/EnumJson.swift; sourceTree = "<group>"; xcLanguageSpecificationIdentifier = xcode.lang.swift; };
/* End PBXFileReference section */

/* Begin PBXFrameworksBuildPhase section */
		AE212A1D1AB1A8AE0070A103 /* Frameworks */ = {
			isa = PBXFrameworksBuildPhase;
			buildActionMask = 2147483647;
			files = (
			);
			runOnlyForDeploymentPostprocessing = 0;
		};
/* End PBXFrameworksBuildPhase section */

/* Begin PBXGroup section */
		AE212A171AB1A8AE0070A103 = {
			isa = PBXGroup;
			children = (
				AE212A231AB1A8AE0070A103 /* EnumJsonFramework */,
				AE212A221AB1A8AE0070A103 /* Products */,
			);
			sourceTree = "<group>";
		};
		AE212A221AB1A8AE0070A103 /* Products */ = {
			isa = PBXGroup;
			children = (
				AE212A211AB1A8AE0070A103 /* EnumJsonFramework.framework */,
			);
			name = Products;
			sourceTree = "<group>";
		};
		AE212A231AB1A8AE0070A103 /* EnumJsonFramework */ = {
			isa = PBXGroup;
			children = (
				AE212A3D1AB1A8CC0070A103 /* EnumJson.swift */,
				AE212A261AB1A8AE0070A103 /* EnumJsonFramework.h */,
				AE212A241AB1A8AE0070A103 /* Supporting Files */,
			);
			path = EnumJsonFramework;
			sourceTree = "<group>";
		};
		AE212A241AB1A8AE0070A103 /* Supporting Files */ = {
			isa = PBXGroup;
			children = (
				AE212A251AB1A8AE0070A103 /* Info.plist */,
			);
			name = "Supporting Files";
			sourceTree = "<group>";
		};
/* End PBXGroup section */

/* Begin PBXHeadersBuildPhase section */
		AE212A1E1AB1A8AE0070A103 /* Headers */ = {
			isa = PBXHeadersBuildPhase;
			buildActionMask = 2147483647;
			files = (
				AE212A271AB1A8AE0070A103 /* EnumJsonFramework.h in Headers */,
			);
			runOnlyForDeploymentPostprocessing = 0;
		};
/* End PBXHeadersBuildPhase section */

/* Begin PBXNativeTarget section */
		AE212A201AB1A8AE0070A103 /* EnumJsonFramework */ = {
			isa = PBXNativeTarget;
			buildConfigurationList = AE212A371AB1A8AE0070A103 /* Build configuration list for PBXNativeTarget "EnumJsonFramework" */;
			buildPhases = (
				AE212A1C1AB1A8AE0070A103 /* Sources */,
				AE212A1D1AB1A8AE0070A103 /* Frameworks */,
				AE212A1E1AB1A8AE0070A103 /* Headers */,
				AE212A1F1AB1A8AE0070A103 /* Resources */,
			);
			buildRules = (
			);
			dependencies = (
			);
			name = EnumJsonFramework;
			productName = EnumJsonFramework;
			productReference = AE212A211AB1A8AE0070A103 /* EnumJsonFramework.framework */;
			productType = "com.apple.product-type.framework";
		};
/* End PBXNativeTarget section */

/* Begin PBXProject section */
		AE212A181AB1A8AE0070A103 /* Project object */ = {
			isa = PBXProject;
			attributes = {
				LastUpgradeCheck = 0630;
				ORGANIZATIONNAME = Ushio;
				TargetAttributes = {
					AE212A201AB1A8AE0070A103 = {
						CreatedOnToolsVersion = 6.3;
					};
				};
			};
			buildConfigurationList = AE212A1B1AB1A8AE0070A103 /* Build configuration list for PBXProject "EnumJsonFramework" */;
			compatibilityVersion = "Xcode 3.2";
			developmentRegion = English;
			hasScannedForEncodings = 0;
			knownRegions = (
				en,
			);
			mainGroup = AE212A171AB1A8AE0070A103;
			productRefGroup = AE212A221AB1A8AE0070A103 /* Products */;
			projectDirPath = "";
			projectRoot = "";
			targets = (
				AE212A201AB1A8AE0070A103 /* EnumJsonFramework */,
			);
		};
/* End PBXProject section */

/* Begin PBXResourcesBuildPhase section */
		AE212A1F1AB1A8AE0070A103 /* Resources */ = {
			isa = PBXResourcesBuildPhase;
			buildActionMask = 2147483647;
			files = (
			);
			runOnlyForDeploymentPostprocessing = 0;
		};
/* End PBXResourcesBuildPhase section */

/* Begin PBXSourcesBuildPhase section */
		AE212A1C1AB1A8AE0070A103 /* Sources */ = {
			isa = PBXSourcesBuildPhase;
			buildActionMask = 2147483647;
			files = (
				AE212A3E1AB1A8CC0070A103 /* EnumJson.swift in Sources */,
			);
			runOnlyForDeploymentPostprocessing = 0;
		};
/* End PBXSourcesBuildPhase section */

/* Begin XCBuildConfiguration section */
		AE212A351AB1A8AE0070A103 /* Debug */ = {
			isa = XCBuildConfiguration;
			buildSettings = {
				ALWAYS_SEARCH_USER_PATHS = NO;
				CLANG_CXX_LANGUAGE_STANDARD = "gnu++0x";
				CLANG_CXX_LIBRARY = "libc++";
				CLANG_ENABLE_MODULES = YES;
				CLANG_ENABLE_OBJC_ARC = YES;
				CLANG_WARN_BOOL_CONVERSION = YES;
				CLANG_WARN_CONSTANT_CONVERSION = YES;
				CLANG_WARN_DIRECT_OBJC_ISA_USAGE = YES_ERROR;
				CLANG_WARN_EMPTY_BODY = YES;
				CLANG_WARN_ENUM_CONVERSION = YES;
				CLANG_WARN_INT_CONVERSION = YES;
				CLANG_WARN_OBJC_ROOT_CLASS = YES_ERROR;
				CLANG_WARN_UNREACHABLE_CODE = YES;
				CLANG_WARN__DUPLICATE_METHOD_MATCH = YES;
				"CODE_SIGN_IDENTITY[sdk=iphoneos*]" = "iPhone Developer";
				COPY_PHASE_STRIP = NO;
				CURRENT_PROJECT_VERSION = 1;
				DEBUG_INFORMATION_FORMAT = dwarf;
				ENABLE_STRICT_OBJC_MSGSEND = YES;
				GCC_C_LANGUAGE_STANDARD = gnu99;
				GCC_DYNAMIC_NO_PIC = NO;
				GCC_NO_COMMON_BLOCKS = YES;
				GCC_OPTIMIZATION_LEVEL = 0;
				GCC_PREPROCESSOR_DEFINITIONS = (
					"DEBUG=1",
					"$(inherited)",
				);
				GCC_SYMBOLS_PRIVATE_EXTERN = NO;
				GCC_WARN_64_TO_32_BIT_CONVERSION = YES;
				GCC_WARN_ABOUT_RETURN_TYPE = YES_ERROR;
				GCC_WARN_UNDECLARED_SELECTOR = YES;
				GCC_WARN_UNINITIALIZED_AUTOS = YES_AGGRESSIVE;
				GCC_WARN_UNUSED_FUNCTION = YES;
				GCC_WARN_UNUSED_VARIABLE = YES;
				IPHONEOS_DEPLOYMENT_TARGET = 8.3;
				MTL_ENABLE_DEBUG_INFO = YES;
				ONLY_ACTIVE_ARCH = YES;
				SDKROOT = iphoneos;
				SWIFT_OPTIMIZATION_LEVEL = "-Onone";
				TARGETED_DEVICE_FAMILY = "1,2";
				VERSIONING_SYSTEM = "apple-generic";
				VERSION_INFO_PREFIX = "";
			};
			name = Debug;
		};
		AE212A361AB1A8AE0070A103 /* Release */ = {
			isa = XCBuildConfiguration;
			buildSettings = {
				ALWAYS_SEARCH_USER_PATHS = NO;
				CLANG_CXX_LANGUAGE_STANDARD = "gnu++0x";
				CLANG_CXX_LIBRARY = "libc++";
				CLANG_ENABLE_MODULES = YES;
				CLANG_ENABLE_OBJC_ARC = YES;
				CLANG_WARN_BOOL_CONVERSION = YES;
				CLANG_WARN_CONSTANT_CONVERSION = YES;
				CLANG_WARN_DIRECT_OBJC_ISA_USAGE = YES_ERROR;
				CLANG_WARN_EMPTY_BODY = YES;
				CLANG_WARN_ENUM_CONVERSION = YES;
				CLANG_WARN_INT_CONVERSION = YES;
				CLANG_WARN_OBJC_ROOT_CLASS = YES_ERROR;
				CLANG_WARN_UNREACHABLE_CODE = YES;
				CLANG_WARN__DUPLICATE_METHOD_MATCH = YES;
				"CODE_SIGN_IDENTITY[sdk=iphoneos*]" = "iPhone Developer";
				COPY_PHASE_STRIP = NO;
				CURRENT_PROJECT_VERSION = 1;
				DEBUG_INFORMATION_FORMAT = "dwarf-with-dsym";
				ENABLE_NS_ASSERTIONS = NO;
				ENABLE_STRICT_OBJC_MSGSEND = YES;
				GCC_C_LANGUAGE_STANDARD = gnu99;
				GCC_NO_COMMON_BLOCKS = YES;
				GCC_WARN_64_TO_32_BIT_CONVERSION = YES;
				GCC_WARN_ABOUT_RETURN_TYPE = YES_ERROR;
				GCC_WARN_UNDECLARED_SELECTOR = YES;
				GCC_WARN_UNINITIALIZED_AUTOS = YES_AGGRESSIVE;
				GCC_WARN_UNUSED_FUNCTION = YES;
				GCC_WARN_UNUSED_VARIABLE = YES;
				IPHONEOS_DEPLOYMENT_TARGET = 8.3;
				MTL_ENABLE_DEBUG_INFO = NO;
				SDKROOT = iphoneos;
				TARGETED_DEVICE_FAMILY = "1,2";
				VALIDATE_PRODUCT = YES;
				VERSIONING_SYSTEM = "apple-generic";
				VERSION_INFO_PREFIX = "";
			};
			name = Release;
		};
		AE212A381AB1A8AE0070A103 /* Debug */ = {
			isa = XCBuildConfiguration;
			buildSettings = {
				CLANG_ENABLE_MODULES = YES;
				DEFINES_MODULE = YES;
				DYLIB_COMPATIBILITY_VERSION = 1;
				DYLIB_CURRENT_VERSION = 1;
				DYLIB_INSTALL_NAME_BASE = "@rpath";
				INFOPLIST_FILE = EnumJsonFramework/Info.plist;
				INSTALL_PATH = "$(LOCAL_LIBRARY_DIR)/Frameworks";
				IPHONEOS_DEPLOYMENT_TARGET = 8.0;
				LD_RUNPATH_SEARCH_PATHS = "$(inherited) @executable_path/Frameworks @loader_path/Frameworks";
				PRODUCT_MODULE_NAME = EnumJsonFramework;
				PRODUCT_NAME = EnumJsonFramework;
				SKIP_INSTALL = YES;
				SWIFT_OPTIMIZATION_LEVEL = "-Onone";
			};
			name = Debug;
		};
		AE212A391AB1A8AE0070A103 /* Release */ = {
			isa = XCBuildConfiguration;
			buildSettings = {
				CLANG_ENABLE_MODULES = YES;
				DEFINES_MODULE = YES;
				DYLIB_COMPATIBILITY_VERSION = 1;
				DYLIB_CURRENT_VERSION = 1;
				DYLIB_INSTALL_NAME_BASE = "@rpath";
				INFOPLIST_FILE = EnumJsonFramework/Info.plist;
				INSTALL_PATH = "$(LOCAL_LIBRARY_DIR)/Frameworks";
				IPHONEOS_DEPLOYMENT_TARGET = 8.0;
				LD_RUNPATH_SEARCH_PATHS = "$(inherited) @executable_path/Frameworks @loader_path/Frameworks";
				PRODUCT_MODULE_NAME = EnumJsonFramework;
				PRODUCT_NAME = EnumJsonFramework;
				SKIP_INSTALL = YES;
			};
			name = Release;
		};
/* End XCBuildConfiguration section */

/* Begin XCConfigurationList section */
		AE212A1B1AB1A8AE0070A103 /* Build configuration list for PBXProject "EnumJsonFramework" */ = {
			isa = XCConfigurationList;
			buildConfigurations = (
				AE212A351AB1A8AE0070A103 /* Debug */,
				AE212A361AB1A8AE0070A103 /* Release */,
			);
			defaultConfigurationIsVisible = 0;
			defaultConfigurationName = Release;
		};
		AE212A371AB1A8AE0070A103 /* Build configuration list for PBXNativeTarget "EnumJsonFramework" */ = {
			isa = XCConfigurationList;
			buildConfigurations = (
				AE212A381AB1A8AE0070A103 /* Debug */,
				AE212A391AB1A8AE0070A103 /* Release */,
			);
			defaultConfigurationIsVisible = 0;
			defaultConfigurationName = Release;
		};
/* End XCConfigurationList section */
	};
	rootObject = AE212A181AB1A8AE0070A103 /* Project object */;
}
